
Microsoft Visual Studio Solution File, Format Version 12.00
# Visual Studio Version 17
VisualStudioVersion = 17.1.32210.238
MinimumVisualStudioVersion = 10.0.40219.1
Project("{9A19103F-16F7-4668-BE54-9A1E7A4F7556}") = "QUIS_1", "QUIS_1\QUIS_1.csproj", "{CA3625C8-18EA-41E5-A9A7-0D40EB5C9E74}"
EndProject
Global
	GlobalSection(SolutionConfigurationPlatforms) = preSolution
		Debug|Any CPU = Debug|Any CPU
		Release|Any CPU = Release|Any CPU
	EndGlobalSection
	GlobalSection(ProjectConfigurationPlatforms) = postSolution
		{CA3625C8-18EA-41E5-A9A7-0D40EB5C9E74}.Debug|Any CPU.ActiveCfg = Debug|Any CPU
		{CA3625C8-18EA-41E5-A9A7-0D40EB5C9E74}.Debug|Any CPU.Build.0 = Debug|Any CPU
		{CA3625C8-18EA-41E5-A9A7-0D40EB5C9E74}.Release|Any CPU.ActiveCfg = Release|Any CPU
		{CA3625C8-18EA-41E5-A9A7-0D40EB5C9E74}.Release|Any CPU.Build.0 = Release|Any CPU
	EndGlobalSection
	GlobalSection(SolutionProperties) = preSolution
		HideSolutionNode = FALSE
	EndGlobalSection
	GlobalSection(ExtensibilityGlobals) = postSolution
		SolutionGuid = {78772A9E-E159-4AD4-B23E-3D45166EC482}
	EndGlobalSection
EndGlobal
